
Microsoft Visual Studio Solution File, Format Version 12.00
# Visual Studio Version 16
VisualStudioVersion = 16.0.31205.134
MinimumVisualStudioVersion = 10.0.40219.1
Project("{FAE04EC0-301F-11D3-BF4B-00C04F79EFBC}") = "J3D_BCK_Editor", "J3D_BCK_Editor\J3D_BCK_Editor.csproj", "{9D3BA7DD-A1D2-44DC-B23B-73E3AD1ED5FA}"
EndProject
Global
	GlobalSection(SolutionConfigurationPlatforms) = preSolution
		Debug|Any CPU = Debug|Any CPU
		Release|Any CPU = Release|Any CPU
	EndGlobalSection
	GlobalSection(ProjectConfigurationPlatforms) = postSolution
		{9D3BA7DD-A1D2-44DC-B23B-73E3AD1ED5FA}.Debug|Any CPU.ActiveCfg = Debug|Any CPU
		{9D3BA7DD-A1D2-44DC-B23B-73E3AD1ED5FA}.Debug|Any CPU.Build.0 = Debug|Any CPU
		{9D3BA7DD-A1D2-44DC-B23B-73E3AD1ED5FA}.Release|Any CPU.ActiveCfg = Release|Any CPU
		{9D3BA7DD-A1D2-44DC-B23B-73E3AD1ED5FA}.Release|Any CPU.Build.0 = Release|Any CPU
	EndGlobalSection
	GlobalSection(SolutionProperties) = preSolution
		HideSolutionNode = FALSE
	EndGlobalSection
	GlobalSection(ExtensibilityGlobals) = postSolution
		SolutionGuid = {899B48F3-31E1-4FFA-97CF-3F2686F5551C}
	EndGlobalSection
EndGlobal
